
Microsoft Visual Studio Solution File, Format Version 12.00
# Visual Studio Version 17
VisualStudioVersion = 17.5.002.0
MinimumVisualStudioVersion = 10.0.40219.1
Project("{9A19103F-16F7-4668-BE54-9A1E7A4F7556}") = "ScreenSound", "ScreenSound.csproj", "{61FEE30F-6A08-4C3F-A538-4A733E8E4662}"
EndProject
Global
	GlobalSection(SolutionConfigurationPlatforms) = preSolution
		Debug|Any CPU = Debug|Any CPU
		Release|Any CPU = Release|Any CPU
	EndGlobalSection
	GlobalSection(ProjectConfigurationPlatforms) = postSolution
		{61FEE30F-6A08-4C3F-A538-4A733E8E4662}.Debug|Any CPU.ActiveCfg = Debug|Any CPU
		{61FEE30F-6A08-4C3F-A538-4A733E8E4662}.Debug|Any CPU.Build.0 = Debug|Any CPU
		{61FEE30F-6A08-4C3F-A538-4A733E8E4662}.Release|Any CPU.ActiveCfg = Release|Any CPU
		{61FEE30F-6A08-4C3F-A538-4A733E8E4662}.Release|Any CPU.Build.0 = Release|Any CPU
	EndGlobalSection
	GlobalSection(SolutionProperties) = preSolution
		HideSolutionNode = FALSE
	EndGlobalSection
	GlobalSection(ExtensibilityGlobals) = postSolution
		SolutionGuid = {B2752B23-9E82-4EE1-B1B7-B9B598A8FE86}
	EndGlobalSection
EndGlobal
